// !$*UTF8*$!
{
	archiveVersion = 1;
	classes = {
	};
	objectVersion = 56;
	objects = {

/* Begin PBXBuildFile section */
		B8F1C3F82BDEC2D400674BDB /* AppDelegate.swift in Sources */ = {isa = PBXBuildFile; fileRef = B8F1C3F72BDEC2D400674BDB /* AppDelegate.swift */; };
		B8F1C3FA2BDEC2D400674BDB /* SceneDelegate.swift in Sources */ = {isa = PBXBuildFile; fileRef = B8F1C3F92BDEC2D400674BDB /* SceneDelegate.swift */; };
		B8F1C3FC2BDEC2D400674BDB /* ViewController.swift in Sources */ = {isa = PBXBuildFile; fileRef = B8F1C3FB2BDEC2D400674BDB /* ViewController.swift */; };
		B8F1C4012BDEC2D700674BDB /* Assets.xcassets in Resources */ = {isa = PBXBuildFile; fileRef = B8F1C4002BDEC2D700674BDB /* Assets.xcassets */; };
		B8F1C4042BDEC2D700674BDB /* LaunchScreen.storyboard in Resources */ = {isa = PBXBuildFile; fileRef = B8F1C4022BDEC2D700674BDB /* LaunchScreen.storyboard */; };
		B8F1C4192BDEC2D700674BDB /* RickAndMortyUITests.swift in Sources */ = {isa = PBXBuildFile; fileRef = B8F1C4182BDEC2D700674BDB /* RickAndMortyUITests.swift */; };
		B8F1C41B2BDEC2D700674BDB /* RickAndMortyUITestsLaunchTests.swift in Sources */ = {isa = PBXBuildFile; fileRef = B8F1C41A2BDEC2D700674BDB /* RickAndMortyUITestsLaunchTests.swift */; };
		B8F1C42A2BDEC70700674BDB /* RickMortySwiftApi in Frameworks */ = {isa = PBXBuildFile; productRef = B8F1C4292BDEC70700674BDB /* RickMortySwiftApi */; };
		B8F1C42D2BDEC7FA00674BDB /* DataSource.swift in Sources */ = {isa = PBXBuildFile; fileRef = B8F1C42C2BDEC7FA00674BDB /* DataSource.swift */; };
		B8F1C42F2BDEC95600674BDB /* RMDataSource.swift in Sources */ = {isa = PBXBuildFile; fileRef = B8F1C42E2BDEC95600674BDB /* RMDataSource.swift */; };
		B8F1C4342BDECC2A00674BDB /* CharacterEntity.swift in Sources */ = {isa = PBXBuildFile; fileRef = B8F1C4332BDECC2A00674BDB /* CharacterEntity.swift */; };
		B8F1C4372BDECCE300674BDB /* CharacterRepository.swift in Sources */ = {isa = PBXBuildFile; fileRef = B8F1C4362BDECCE300674BDB /* CharacterRepository.swift */; };
		B8F1C4392BDECDC000674BDB /* BaseRepository.swift in Sources */ = {isa = PBXBuildFile; fileRef = B8F1C4382BDECDC000674BDB /* BaseRepository.swift */; };
		B8F1C43E2BDED24C00674BDB /* CharacterModel.swift in Sources */ = {isa = PBXBuildFile; fileRef = B8F1C43D2BDED24C00674BDB /* CharacterModel.swift */; };
		B8F1C4402BDED2B500674BDB /* CharacterRepositoryContract.swift in Sources */ = {isa = PBXBuildFile; fileRef = B8F1C43F2BDED2B500674BDB /* CharacterRepositoryContract.swift */; };
		B8F1C4442BDEE4CF00674BDB /* GetCharactersUseCase.swift in Sources */ = {isa = PBXBuildFile; fileRef = B8F1C4432BDEE4CF00674BDB /* GetCharactersUseCase.swift */; };
		B8F1C4482BDEEA8E00674BDB /* RMDataSourceMock.swift in Sources */ = {isa = PBXBuildFile; fileRef = B8F1C4472BDEEA8E00674BDB /* RMDataSourceMock.swift */; };
		B8F1C44A2BDEEBB600674BDB /* CharacterRepositoryTests.swift in Sources */ = {isa = PBXBuildFile; fileRef = B8F1C4492BDEEBB600674BDB /* CharacterRepositoryTests.swift */; };
		B8F1C44D2BDEEEAB00674BDB /* CharacterRepositoryMock.swift in Sources */ = {isa = PBXBuildFile; fileRef = B8F1C44C2BDEEEAB00674BDB /* CharacterRepositoryMock.swift */; };
		B8F1C44F2BDEEF5C00674BDB /* GetCharactersUseCaseTests.swift in Sources */ = {isa = PBXBuildFile; fileRef = B8F1C44E2BDEEF5C00674BDB /* GetCharactersUseCaseTests.swift */; };
/* End PBXBuildFile section */

/* Begin PBXContainerItemProxy section */
		B8F1C40B2BDEC2D700674BDB /* PBXContainerItemProxy */ = {
			isa = PBXContainerItemProxy;
			containerPortal = B8F1C3EC2BDEC2D300674BDB /* Project object */;
			proxyType = 1;
			remoteGlobalIDString = B8F1C3F32BDEC2D400674BDB;
			remoteInfo = RickAndMorty;
		};
		B8F1C4152BDEC2D700674BDB /* PBXContainerItemProxy */ = {
			isa = PBXContainerItemProxy;
			containerPortal = B8F1C3EC2BDEC2D300674BDB /* Project object */;
			proxyType = 1;
			remoteGlobalIDString = B8F1C3F32BDEC2D400674BDB;
			remoteInfo = RickAndMorty;
		};
/* End PBXContainerItemProxy section */

/* Begin PBXFileReference section */
		B8F1C3F42BDEC2D400674BDB /* RickAndMorty.app */ = {isa = PBXFileReference; explicitFileType = wrapper.application; includeInIndex = 0; path = RickAndMorty.app; sourceTree = BUILT_PRODUCTS_DIR; };
		B8F1C3F72BDEC2D400674BDB /* AppDelegate.swift */ = {isa = PBXFileReference; lastKnownFileType = sourcecode.swift; path = AppDelegate.swift; sourceTree = "<group>"; };
		B8F1C3F92BDEC2D400674BDB /* SceneDelegate.swift */ = {isa = PBXFileReference; lastKnownFileType = sourcecode.swift; path = SceneDelegate.swift; sourceTree = "<group>"; };
		B8F1C3FB2BDEC2D400674BDB /* ViewController.swift */ = {isa = PBXFileReference; lastKnownFileType = sourcecode.swift; path = ViewController.swift; sourceTree = "<group>"; };
		B8F1C4002BDEC2D700674BDB /* Assets.xcassets */ = {isa = PBXFileReference; lastKnownFileType = folder.assetcatalog; path = Assets.xcassets; sourceTree = "<group>"; };
		B8F1C4032BDEC2D700674BDB /* Base */ = {isa = PBXFileReference; lastKnownFileType = file.storyboard; name = Base; path = Base.lproj/LaunchScreen.storyboard; sourceTree = "<group>"; };
		B8F1C4052BDEC2D700674BDB /* Info.plist */ = {isa = PBXFileReference; lastKnownFileType = text.plist.xml; path = Info.plist; sourceTree = "<group>"; };
		B8F1C40A2BDEC2D700674BDB /* RickAndMortyTests.xctest */ = {isa = PBXFileReference; explicitFileType = wrapper.cfbundle; includeInIndex = 0; path = RickAndMortyTests.xctest; sourceTree = BUILT_PRODUCTS_DIR; };
		B8F1C4142BDEC2D700674BDB /* RickAndMortyUITests.xctest */ = {isa = PBXFileReference; explicitFileType = wrapper.cfbundle; includeInIndex = 0; path = RickAndMortyUITests.xctest; sourceTree = BUILT_PRODUCTS_DIR; };
		B8F1C4182BDEC2D700674BDB /* RickAndMortyUITests.swift */ = {isa = PBXFileReference; lastKnownFileType = sourcecode.swift; path = RickAndMortyUITests.swift; sourceTree = "<group>"; };
		B8F1C41A2BDEC2D700674BDB /* RickAndMortyUITestsLaunchTests.swift */ = {isa = PBXFileReference; lastKnownFileType = sourcecode.swift; path = RickAndMortyUITestsLaunchTests.swift; sourceTree = "<group>"; };
		B8F1C42C2BDEC7FA00674BDB /* DataSource.swift */ = {isa = PBXFileReference; lastKnownFileType = sourcecode.swift; path = DataSource.swift; sourceTree = "<group>"; };
		B8F1C42E2BDEC95600674BDB /* RMDataSource.swift */ = {isa = PBXFileReference; lastKnownFileType = sourcecode.swift; path = RMDataSource.swift; sourceTree = "<group>"; };
		B8F1C4332BDECC2A00674BDB /* CharacterEntity.swift */ = {isa = PBXFileReference; lastKnownFileType = sourcecode.swift; path = CharacterEntity.swift; sourceTree = "<group>"; };
		B8F1C4362BDECCE300674BDB /* CharacterRepository.swift */ = {isa = PBXFileReference; lastKnownFileType = sourcecode.swift; path = CharacterRepository.swift; sourceTree = "<group>"; };
		B8F1C4382BDECDC000674BDB /* BaseRepository.swift */ = {isa = PBXFileReference; lastKnownFileType = sourcecode.swift; path = BaseRepository.swift; sourceTree = "<group>"; };
		B8F1C43D2BDED24C00674BDB /* CharacterModel.swift */ = {isa = PBXFileReference; lastKnownFileType = sourcecode.swift; path = CharacterModel.swift; sourceTree = "<group>"; };
		B8F1C43F2BDED2B500674BDB /* CharacterRepositoryContract.swift */ = {isa = PBXFileReference; lastKnownFileType = sourcecode.swift; path = CharacterRepositoryContract.swift; sourceTree = "<group>"; };
		B8F1C4432BDEE4CF00674BDB /* GetCharactersUseCase.swift */ = {isa = PBXFileReference; lastKnownFileType = sourcecode.swift; path = GetCharactersUseCase.swift; sourceTree = "<group>"; };
		B8F1C4472BDEEA8E00674BDB /* RMDataSourceMock.swift */ = {isa = PBXFileReference; lastKnownFileType = sourcecode.swift; path = RMDataSourceMock.swift; sourceTree = "<group>"; };
		B8F1C4492BDEEBB600674BDB /* CharacterRepositoryTests.swift */ = {isa = PBXFileReference; lastKnownFileType = sourcecode.swift; path = CharacterRepositoryTests.swift; sourceTree = "<group>"; };
		B8F1C44C2BDEEEAB00674BDB /* CharacterRepositoryMock.swift */ = {isa = PBXFileReference; lastKnownFileType = sourcecode.swift; path = CharacterRepositoryMock.swift; sourceTree = "<group>"; };
		B8F1C44E2BDEEF5C00674BDB /* GetCharactersUseCaseTests.swift */ = {isa = PBXFileReference; lastKnownFileType = sourcecode.swift; path = GetCharactersUseCaseTests.swift; sourceTree = "<group>"; };
/* End PBXFileReference section */

/* Begin PBXFrameworksBuildPhase section */
		B8F1C3F12BDEC2D400674BDB /* Frameworks */ = {
			isa = PBXFrameworksBuildPhase;
			buildActionMask = 2147483647;
			files = (
				B8F1C42A2BDEC70700674BDB /* RickMortySwiftApi in Frameworks */,
			);
			runOnlyForDeploymentPostprocessing = 0;
		};
		B8F1C4072BDEC2D700674BDB /* Frameworks */ = {
			isa = PBXFrameworksBuildPhase;
			buildActionMask = 2147483647;
			files = (
			);
			runOnlyForDeploymentPostprocessing = 0;
		};
		B8F1C4112BDEC2D700674BDB /* Frameworks */ = {
			isa = PBXFrameworksBuildPhase;
			buildActionMask = 2147483647;
			files = (
			);
			runOnlyForDeploymentPostprocessing = 0;
		};
/* End PBXFrameworksBuildPhase section */

/* Begin PBXGroup section */
		B8F1C3EB2BDEC2D300674BDB = {
			isa = PBXGroup;
			children = (
				B8F1C3F62BDEC2D400674BDB /* RickAndMorty */,
				B8F1C40D2BDEC2D700674BDB /* RickAndMortyTests */,
				B8F1C4172BDEC2D700674BDB /* RickAndMortyUITests */,
				B8F1C3F52BDEC2D400674BDB /* Products */,
			);
			sourceTree = "<group>";
		};
		B8F1C3F52BDEC2D400674BDB /* Products */ = {
			isa = PBXGroup;
			children = (
				B8F1C3F42BDEC2D400674BDB /* RickAndMorty.app */,
				B8F1C40A2BDEC2D700674BDB /* RickAndMortyTests.xctest */,
				B8F1C4142BDEC2D700674BDB /* RickAndMortyUITests.xctest */,
			);
			name = Products;
			sourceTree = "<group>";
		};
		B8F1C3F62BDEC2D400674BDB /* RickAndMorty */ = {
			isa = PBXGroup;
			children = (
				B8F1C43A2BDED21A00674BDB /* Domain */,
				B8F1C42B2BDEC7D400674BDB /* Data */,
				B8F1C3F72BDEC2D400674BDB /* AppDelegate.swift */,
				B8F1C3F92BDEC2D400674BDB /* SceneDelegate.swift */,
				B8F1C3FB2BDEC2D400674BDB /* ViewController.swift */,
				B8F1C4002BDEC2D700674BDB /* Assets.xcassets */,
				B8F1C4022BDEC2D700674BDB /* LaunchScreen.storyboard */,
				B8F1C4052BDEC2D700674BDB /* Info.plist */,
			);
			path = RickAndMorty;
			sourceTree = "<group>";
		};
		B8F1C40D2BDEC2D700674BDB /* RickAndMortyTests */ = {
			isa = PBXGroup;
			children = (
				B8F1C44B2BDEEE7D00674BDB /* Domain */,
				B8F1C4452BDEEA3A00674BDB /* Data */,
			);
			path = RickAndMortyTests;
			sourceTree = "<group>";
		};
		B8F1C4172BDEC2D700674BDB /* RickAndMortyUITests */ = {
			isa = PBXGroup;
			children = (
				B8F1C4182BDEC2D700674BDB /* RickAndMortyUITests.swift */,
				B8F1C41A2BDEC2D700674BDB /* RickAndMortyUITestsLaunchTests.swift */,
			);
			path = RickAndMortyUITests;
			sourceTree = "<group>";
		};
		B8F1C42B2BDEC7D400674BDB /* Data */ = {
			isa = PBXGroup;
			children = (
				B8F1C4322BDECC0E00674BDB /* Repository */,
				B8F1C4312BDECC0400674BDB /* Entity */,
				B8F1C4302BDECB6700674BDB /* DataSource */,
			);
			path = Data;
			sourceTree = "<group>";
		};
		B8F1C4302BDECB6700674BDB /* DataSource */ = {
			isa = PBXGroup;
			children = (
				B8F1C42C2BDEC7FA00674BDB /* DataSource.swift */,
				B8F1C42E2BDEC95600674BDB /* RMDataSource.swift */,
			);
			path = DataSource;
			sourceTree = "<group>";
		};
		B8F1C4312BDECC0400674BDB /* Entity */ = {
			isa = PBXGroup;
			children = (
				B8F1C4332BDECC2A00674BDB /* CharacterEntity.swift */,
			);
			path = Entity;
			sourceTree = "<group>";
		};
		B8F1C4322BDECC0E00674BDB /* Repository */ = {
			isa = PBXGroup;
			children = (
				B8F1C4362BDECCE300674BDB /* CharacterRepository.swift */,
				B8F1C4382BDECDC000674BDB /* BaseRepository.swift */,
			);
			path = Repository;
			sourceTree = "<group>";
		};
		B8F1C43A2BDED21A00674BDB /* Domain */ = {
			isa = PBXGroup;
			children = (
				B8F1C4412BDEE49900674BDB /* UseCase */,
				B8F1C43C2BDED23000674BDB /* Contract */,
				B8F1C43B2BDED22200674BDB /* Model */,
			);
			path = Domain;
			sourceTree = "<group>";
		};
		B8F1C43B2BDED22200674BDB /* Model */ = {
			isa = PBXGroup;
			children = (
				B8F1C43D2BDED24C00674BDB /* CharacterModel.swift */,
			);
			path = Model;
			sourceTree = "<group>";
		};
		B8F1C43C2BDED23000674BDB /* Contract */ = {
			isa = PBXGroup;
			children = (
				B8F1C43F2BDED2B500674BDB /* CharacterRepositoryContract.swift */,
			);
			path = Contract;
			sourceTree = "<group>";
		};
		B8F1C4412BDEE49900674BDB /* UseCase */ = {
			isa = PBXGroup;
			children = (
				B8F1C4422BDEE4BE00674BDB /* Character */,
			);
			path = UseCase;
			sourceTree = "<group>";
		};
		B8F1C4422BDEE4BE00674BDB /* Character */ = {
			isa = PBXGroup;
			children = (
				B8F1C4432BDEE4CF00674BDB /* GetCharactersUseCase.swift */,
			);
			path = Character;
			sourceTree = "<group>";
		};
		B8F1C4452BDEEA3A00674BDB /* Data */ = {
			isa = PBXGroup;
			children = (
				B8F1C4472BDEEA8E00674BDB /* RMDataSourceMock.swift */,
				B8F1C4462BDEEA4100674BDB /* Repository */,
			);
			path = Data;
			sourceTree = "<group>";
		};
		B8F1C4462BDEEA4100674BDB /* Repository */ = {
			isa = PBXGroup;
			children = (
				B8F1C4492BDEEBB600674BDB /* CharacterRepositoryTests.swift */,
			);
			path = Repository;
			sourceTree = "<group>";
		};
		B8F1C44B2BDEEE7D00674BDB /* Domain */ = {
			isa = PBXGroup;
			children = (
				B8F1C44E2BDEEF5C00674BDB /* GetCharactersUseCaseTests.swift */,
				B8F1C44C2BDEEEAB00674BDB /* CharacterRepositoryMock.swift */,
			);
			path = Domain;
			sourceTree = "<group>";
		};
/* End PBXGroup section */

/* Begin PBXNativeTarget section */
		B8F1C3F32BDEC2D400674BDB /* RickAndMorty */ = {
			isa = PBXNativeTarget;
			buildConfigurationList = B8F1C41E2BDEC2D700674BDB /* Build configuration list for PBXNativeTarget "RickAndMorty" */;
			buildPhases = (
				B8F1C3F02BDEC2D400674BDB /* Sources */,
				B8F1C3F12BDEC2D400674BDB /* Frameworks */,
				B8F1C3F22BDEC2D400674BDB /* Resources */,
			);
			buildRules = (
			);
			dependencies = (
			);
			name = RickAndMorty;
			packageProductDependencies = (
				B8F1C4292BDEC70700674BDB /* RickMortySwiftApi */,
			);
			productName = RickAndMorty;
			productReference = B8F1C3F42BDEC2D400674BDB /* RickAndMorty.app */;
			productType = "com.apple.product-type.application";
		};
		B8F1C4092BDEC2D700674BDB /* RickAndMortyTests */ = {
			isa = PBXNativeTarget;
			buildConfigurationList = B8F1C4212BDEC2D700674BDB /* Build configuration list for PBXNativeTarget "RickAndMortyTests" */;
			buildPhases = (
				B8F1C4062BDEC2D700674BDB /* Sources */,
				B8F1C4072BDEC2D700674BDB /* Frameworks */,
				B8F1C4082BDEC2D700674BDB /* Resources */,
			);
			buildRules = (
			);
			dependencies = (
				B8F1C40C2BDEC2D700674BDB /* PBXTargetDependency */,
			);
			name = RickAndMortyTests;
			productName = RickAndMortyTests;
			productReference = B8F1C40A2BDEC2D700674BDB /* RickAndMortyTests.xctest */;
			productType = "com.apple.product-type.bundle.unit-test";
		};
		B8F1C4132BDEC2D700674BDB /* RickAndMortyUITests */ = {
			isa = PBXNativeTarget;
			buildConfigurationList = B8F1C4242BDEC2D700674BDB /* Build configuration list for PBXNativeTarget "RickAndMortyUITests" */;
			buildPhases = (
				B8F1C4102BDEC2D700674BDB /* Sources */,
				B8F1C4112BDEC2D700674BDB /* Frameworks */,
				B8F1C4122BDEC2D700674BDB /* Resources */,
			);
			buildRules = (
			);
			dependencies = (
				B8F1C4162BDEC2D700674BDB /* PBXTargetDependency */,
			);
			name = RickAndMortyUITests;
			productName = RickAndMortyUITests;
			productReference = B8F1C4142BDEC2D700674BDB /* RickAndMortyUITests.xctest */;
			productType = "com.apple.product-type.bundle.ui-testing";
		};
/* End PBXNativeTarget section */

/* Begin PBXProject section */
		B8F1C3EC2BDEC2D300674BDB /* Project object */ = {
			isa = PBXProject;
			attributes = {
				BuildIndependentTargetsInParallel = 1;
				LastSwiftUpdateCheck = 1520;
				LastUpgradeCheck = 1520;
				TargetAttributes = {
					B8F1C3F32BDEC2D400674BDB = {
						CreatedOnToolsVersion = 15.2;
					};
					B8F1C4092BDEC2D700674BDB = {
						CreatedOnToolsVersion = 15.2;
						TestTargetID = B8F1C3F32BDEC2D400674BDB;
					};
					B8F1C4132BDEC2D700674BDB = {
						CreatedOnToolsVersion = 15.2;
						TestTargetID = B8F1C3F32BDEC2D400674BDB;
					};
				};
			};
			buildConfigurationList = B8F1C3EF2BDEC2D300674BDB /* Build configuration list for PBXProject "RickAndMorty" */;
			compatibilityVersion = "Xcode 14.0";
			developmentRegion = en;
			hasScannedForEncodings = 0;
			knownRegions = (
				en,
				Base,
			);
			mainGroup = B8F1C3EB2BDEC2D300674BDB;
			packageReferences = (
				B8F1C4282BDEC70600674BDB /* XCRemoteSwiftPackageReference "Rick-and-Morty-Swift-API" */,
			);
			productRefGroup = B8F1C3F52BDEC2D400674BDB /* Products */;
			projectDirPath = "";
			projectRoot = "";
			targets = (
				B8F1C3F32BDEC2D400674BDB /* RickAndMorty */,
				B8F1C4092BDEC2D700674BDB /* RickAndMortyTests */,
				B8F1C4132BDEC2D700674BDB /* RickAndMortyUITests */,
			);
		};
/* End PBXProject section */

/* Begin PBXResourcesBuildPhase section */
		B8F1C3F22BDEC2D400674BDB /* Resources */ = {
			isa = PBXResourcesBuildPhase;
			buildActionMask = 2147483647;
			files = (
				B8F1C4042BDEC2D700674BDB /* LaunchScreen.storyboard in Resources */,
				B8F1C4012BDEC2D700674BDB /* Assets.xcassets in Resources */,
			);
			runOnlyForDeploymentPostprocessing = 0;
		};
		B8F1C4082BDEC2D700674BDB /* Resources */ = {
			isa = PBXResourcesBuildPhase;
			buildActionMask = 2147483647;
			files = (
			);
			runOnlyForDeploymentPostprocessing = 0;
		};
		B8F1C4122BDEC2D700674BDB /* Resources */ = {
			isa = PBXResourcesBuildPhase;
			buildActionMask = 2147483647;
			files = (
			);
			runOnlyForDeploymentPostprocessing = 0;
		};
/* End PBXResourcesBuildPhase section */

/* Begin PBXSourcesBuildPhase section */
		B8F1C3F02BDEC2D400674BDB /* Sources */ = {
			isa = PBXSourcesBuildPhase;
			buildActionMask = 2147483647;
			files = (
				B8F1C3FC2BDEC2D400674BDB /* ViewController.swift in Sources */,
				B8F1C3F82BDEC2D400674BDB /* AppDelegate.swift in Sources */,
				B8F1C4392BDECDC000674BDB /* BaseRepository.swift in Sources */,
				B8F1C42D2BDEC7FA00674BDB /* DataSource.swift in Sources */,
				B8F1C4342BDECC2A00674BDB /* CharacterEntity.swift in Sources */,
				B8F1C4372BDECCE300674BDB /* CharacterRepository.swift in Sources */,
				B8F1C43E2BDED24C00674BDB /* CharacterModel.swift in Sources */,
				B8F1C42F2BDEC95600674BDB /* RMDataSource.swift in Sources */,
				B8F1C3FA2BDEC2D400674BDB /* SceneDelegate.swift in Sources */,
				B8F1C4402BDED2B500674BDB /* CharacterRepositoryContract.swift in Sources */,
				B8F1C4442BDEE4CF00674BDB /* GetCharactersUseCase.swift in Sources */,
			);
			runOnlyForDeploymentPostprocessing = 0;
		};
		B8F1C4062BDEC2D700674BDB /* Sources */ = {
			isa = PBXSourcesBuildPhase;
			buildActionMask = 2147483647;
			files = (
				B8F1C44A2BDEEBB600674BDB /* CharacterRepositoryTests.swift in Sources */,
				B8F1C4482BDEEA8E00674BDB /* RMDataSourceMock.swift in Sources */,
				B8F1C44F2BDEEF5C00674BDB /* GetCharactersUseCaseTests.swift in Sources */,
				B8F1C44D2BDEEEAB00674BDB /* CharacterRepositoryMock.swift in Sources */,
			);
			runOnlyForDeploymentPostprocessing = 0;
		};
		B8F1C4102BDEC2D700674BDB /* Sources */ = {
			isa = PBXSourcesBuildPhase;
			buildActionMask = 2147483647;
			files = (
				B8F1C4192BDEC2D700674BDB /* RickAndMortyUITests.swift in Sources */,
				B8F1C41B2BDEC2D700674BDB /* RickAndMortyUITestsLaunchTests.swift in Sources */,
			);
			runOnlyForDeploymentPostprocessing = 0;
		};
/* End PBXSourcesBuildPhase section */

/* Begin PBXTargetDependency section */
		B8F1C40C2BDEC2D700674BDB /* PBXTargetDependency */ = {
			isa = PBXTargetDependency;
			target = B8F1C3F32BDEC2D400674BDB /* RickAndMorty */;
			targetProxy = B8F1C40B2BDEC2D700674BDB /* PBXContainerItemProxy */;
		};
		B8F1C4162BDEC2D700674BDB /* PBXTargetDependency */ = {
			isa = PBXTargetDependency;
			target = B8F1C3F32BDEC2D400674BDB /* RickAndMorty */;
			targetProxy = B8F1C4152BDEC2D700674BDB /* PBXContainerItemProxy */;
		};
/* End PBXTargetDependency section */

/* Begin PBXVariantGroup section */
		B8F1C4022BDEC2D700674BDB /* LaunchScreen.storyboard */ = {
			isa = PBXVariantGroup;
			children = (
				B8F1C4032BDEC2D700674BDB /* Base */,
			);
			name = LaunchScreen.storyboard;
			sourceTree = "<group>";
		};
/* End PBXVariantGroup section */

/* Begin XCBuildConfiguration section */
		B8F1C41C2BDEC2D700674BDB /* Debug */ = {
			isa = XCBuildConfiguration;
			buildSettings = {
				ALWAYS_SEARCH_USER_PATHS = NO;
				ASSETCATALOG_COMPILER_GENERATE_SWIFT_ASSET_SYMBOL_EXTENSIONS = YES;
				CLANG_ANALYZER_NONNULL = YES;
				CLANG_ANALYZER_NUMBER_OBJECT_CONVERSION = YES_AGGRESSIVE;
				CLANG_CXX_LANGUAGE_STANDARD = "gnu++20";
				CLANG_ENABLE_MODULES = YES;
				CLANG_ENABLE_OBJC_ARC = YES;
				CLANG_ENABLE_OBJC_WEAK = YES;
				CLANG_WARN_BLOCK_CAPTURE_AUTORELEASING = YES;
				CLANG_WARN_BOOL_CONVERSION = YES;
				CLANG_WARN_COMMA = YES;
				CLANG_WARN_CONSTANT_CONVERSION = YES;
				CLANG_WARN_DEPRECATED_OBJC_IMPLEMENTATIONS = YES;
				CLANG_WARN_DIRECT_OBJC_ISA_USAGE = YES_ERROR;
				CLANG_WARN_DOCUMENTATION_COMMENTS = YES;
				CLANG_WARN_EMPTY_BODY = YES;
				CLANG_WARN_ENUM_CONVERSION = YES;
				CLANG_WARN_INFINITE_RECURSION = YES;
				CLANG_WARN_INT_CONVERSION = YES;
				CLANG_WARN_NON_LITERAL_NULL_CONVERSION = YES;
				CLANG_WARN_OBJC_IMPLICIT_RETAIN_SELF = YES;
				CLANG_WARN_OBJC_LITERAL_CONVERSION = YES;
				CLANG_WARN_OBJC_ROOT_CLASS = YES_ERROR;
				CLANG_WARN_QUOTED_INCLUDE_IN_FRAMEWORK_HEADER = YES;
				CLANG_WARN_RANGE_LOOP_ANALYSIS = YES;
				CLANG_WARN_STRICT_PROTOTYPES = YES;
				CLANG_WARN_SUSPICIOUS_MOVE = YES;
				CLANG_WARN_UNGUARDED_AVAILABILITY = YES_AGGRESSIVE;
				CLANG_WARN_UNREACHABLE_CODE = YES;
				CLANG_WARN__DUPLICATE_METHOD_MATCH = YES;
				COPY_PHASE_STRIP = NO;
				DEBUG_INFORMATION_FORMAT = dwarf;
				ENABLE_STRICT_OBJC_MSGSEND = YES;
				ENABLE_TESTABILITY = YES;
				ENABLE_USER_SCRIPT_SANDBOXING = YES;
				GCC_C_LANGUAGE_STANDARD = gnu17;
				GCC_DYNAMIC_NO_PIC = NO;
				GCC_NO_COMMON_BLOCKS = YES;
				GCC_OPTIMIZATION_LEVEL = 0;
				GCC_PREPROCESSOR_DEFINITIONS = (
					"DEBUG=1",
					"$(inherited)",
				);
				GCC_WARN_64_TO_32_BIT_CONVERSION = YES;
				GCC_WARN_ABOUT_RETURN_TYPE = YES_ERROR;
				GCC_WARN_UNDECLARED_SELECTOR = YES;
				GCC_WARN_UNINITIALIZED_AUTOS = YES_AGGRESSIVE;
				GCC_WARN_UNUSED_FUNCTION = YES;
				GCC_WARN_UNUSED_VARIABLE = YES;
				IPHONEOS_DEPLOYMENT_TARGET = 17.2;
				LOCALIZATION_PREFERS_STRING_CATALOGS = YES;
				MTL_ENABLE_DEBUG_INFO = INCLUDE_SOURCE;
				MTL_FAST_MATH = YES;
				ONLY_ACTIVE_ARCH = YES;
				SDKROOT = iphoneos;
				SWIFT_ACTIVE_COMPILATION_CONDITIONS = "DEBUG $(inherited)";
				SWIFT_OPTIMIZATION_LEVEL = "-Onone";
			};
			name = Debug;
		};
		B8F1C41D2BDEC2D700674BDB /* Release */ = {
			isa = XCBuildConfiguration;
			buildSettings = {
				ALWAYS_SEARCH_USER_PATHS = NO;
				ASSETCATALOG_COMPILER_GENERATE_SWIFT_ASSET_SYMBOL_EXTENSIONS = YES;
				CLANG_ANALYZER_NONNULL = YES;
				CLANG_ANALYZER_NUMBER_OBJECT_CONVERSION = YES_AGGRESSIVE;
				CLANG_CXX_LANGUAGE_STANDARD = "gnu++20";
				CLANG_ENABLE_MODULES = YES;
				CLANG_ENABLE_OBJC_ARC = YES;
				CLANG_ENABLE_OBJC_WEAK = YES;
				CLANG_WARN_BLOCK_CAPTURE_AUTORELEASING = YES;
				CLANG_WARN_BOOL_CONVERSION = YES;
				CLANG_WARN_COMMA = YES;
				CLANG_WARN_CONSTANT_CONVERSION = YES;
				CLANG_WARN_DEPRECATED_OBJC_IMPLEMENTATIONS = YES;
				CLANG_WARN_DIRECT_OBJC_ISA_USAGE = YES_ERROR;
				CLANG_WARN_DOCUMENTATION_COMMENTS = YES;
				CLANG_WARN_EMPTY_BODY = YES;
				CLANG_WARN_ENUM_CONVERSION = YES;
				CLANG_WARN_INFINITE_RECURSION = YES;
				CLANG_WARN_INT_CONVERSION = YES;
				CLANG_WARN_NON_LITERAL_NULL_CONVERSION = YES;
				CLANG_WARN_OBJC_IMPLICIT_RETAIN_SELF = YES;
				CLANG_WARN_OBJC_LITERAL_CONVERSION = YES;
				CLANG_WARN_OBJC_ROOT_CLASS = YES_ERROR;
				CLANG_WARN_QUOTED_INCLUDE_IN_FRAMEWORK_HEADER = YES;
				CLANG_WARN_RANGE_LOOP_ANALYSIS = YES;
				CLANG_WARN_STRICT_PROTOTYPES = YES;
				CLANG_WARN_SUSPICIOUS_MOVE = YES;
				CLANG_WARN_UNGUARDED_AVAILABILITY = YES_AGGRESSIVE;
				CLANG_WARN_UNREACHABLE_CODE = YES;
				CLANG_WARN__DUPLICATE_METHOD_MATCH = YES;
				COPY_PHASE_STRIP = NO;
				DEBUG_INFORMATION_FORMAT = "dwarf-with-dsym";
				ENABLE_NS_ASSERTIONS = NO;
				ENABLE_STRICT_OBJC_MSGSEND = YES;
				ENABLE_USER_SCRIPT_SANDBOXING = YES;
				GCC_C_LANGUAGE_STANDARD = gnu17;
				GCC_NO_COMMON_BLOCKS = YES;
				GCC_WARN_64_TO_32_BIT_CONVERSION = YES;
				GCC_WARN_ABOUT_RETURN_TYPE = YES_ERROR;
				GCC_WARN_UNDECLARED_SELECTOR = YES;
				GCC_WARN_UNINITIALIZED_AUTOS = YES_AGGRESSIVE;
				GCC_WARN_UNUSED_FUNCTION = YES;
				GCC_WARN_UNUSED_VARIABLE = YES;
				IPHONEOS_DEPLOYMENT_TARGET = 17.2;
				LOCALIZATION_PREFERS_STRING_CATALOGS = YES;
				MTL_ENABLE_DEBUG_INFO = NO;
				MTL_FAST_MATH = YES;
				SDKROOT = iphoneos;
				SWIFT_COMPILATION_MODE = wholemodule;
				VALIDATE_PRODUCT = YES;
			};
			name = Release;
		};
		B8F1C41F2BDEC2D700674BDB /* Debug */ = {
			isa = XCBuildConfiguration;
			buildSettings = {
				ASSETCATALOG_COMPILER_APPICON_NAME = AppIcon;
				ASSETCATALOG_COMPILER_GLOBAL_ACCENT_COLOR_NAME = AccentColor;
				CODE_SIGN_STYLE = Automatic;
				CURRENT_PROJECT_VERSION = 1;
				DEVELOPMENT_TEAM = 74F5A5SVZ5;
				GENERATE_INFOPLIST_FILE = YES;
				INFOPLIST_FILE = RickAndMorty/Info.plist;
				INFOPLIST_KEY_UIApplicationSupportsIndirectInputEvents = YES;
				INFOPLIST_KEY_UILaunchStoryboardName = LaunchScreen;
				INFOPLIST_KEY_UIMainStoryboardFile = "";
				INFOPLIST_KEY_UISupportedInterfaceOrientations_iPad = "UIInterfaceOrientationPortrait UIInterfaceOrientationPortraitUpsideDown UIInterfaceOrientationLandscapeLeft UIInterfaceOrientationLandscapeRight";
				INFOPLIST_KEY_UISupportedInterfaceOrientations_iPhone = "UIInterfaceOrientationPortrait UIInterfaceOrientationLandscapeLeft UIInterfaceOrientationLandscapeRight";
				LD_RUNPATH_SEARCH_PATHS = (
					"$(inherited)",
					"@executable_path/Frameworks",
				);
				MARKETING_VERSION = 1.0;
				PRODUCT_BUNDLE_IDENTIFIER = leticiaecharri.RickAndMorty;
				PRODUCT_NAME = "$(TARGET_NAME)";
				SWIFT_EMIT_LOC_STRINGS = YES;
				SWIFT_VERSION = 5.0;
				TARGETED_DEVICE_FAMILY = "1,2";
			};
			name = Debug;
		};
		B8F1C4202BDEC2D700674BDB /* Release */ = {
			isa = XCBuildConfiguration;
			buildSettings = {
				ASSETCATALOG_COMPILER_APPICON_NAME = AppIcon;
				ASSETCATALOG_COMPILER_GLOBAL_ACCENT_COLOR_NAME = AccentColor;
				CODE_SIGN_STYLE = Automatic;
				CURRENT_PROJECT_VERSION = 1;
				DEVELOPMENT_TEAM = 74F5A5SVZ5;
				GENERATE_INFOPLIST_FILE = YES;
				INFOPLIST_FILE = RickAndMorty/Info.plist;
				INFOPLIST_KEY_UIApplicationSupportsIndirectInputEvents = YES;
				INFOPLIST_KEY_UILaunchStoryboardName = LaunchScreen;
				INFOPLIST_KEY_UIMainStoryboardFile = "";
				INFOPLIST_KEY_UISupportedInterfaceOrientations_iPad = "UIInterfaceOrientationPortrait UIInterfaceOrientationPortraitUpsideDown UIInterfaceOrientationLandscapeLeft UIInterfaceOrientationLandscapeRight";
				INFOPLIST_KEY_UISupportedInterfaceOrientations_iPhone = "UIInterfaceOrientationPortrait UIInterfaceOrientationLandscapeLeft UIInterfaceOrientationLandscapeRight";
				LD_RUNPATH_SEARCH_PATHS = (
					"$(inherited)",
					"@executable_path/Frameworks",
				);
				MARKETING_VERSION = 1.0;
				PRODUCT_BUNDLE_IDENTIFIER = leticiaecharri.RickAndMorty;
				PRODUCT_NAME = "$(TARGET_NAME)";
				SWIFT_EMIT_LOC_STRINGS = YES;
				SWIFT_VERSION = 5.0;
				TARGETED_DEVICE_FAMILY = "1,2";
			};
			name = Release;
		};
		B8F1C4222BDEC2D700674BDB /* Debug */ = {
			isa = XCBuildConfiguration;
			buildSettings = {
				ALWAYS_EMBED_SWIFT_STANDARD_LIBRARIES = YES;
				BUNDLE_LOADER = "$(TEST_HOST)";
				CODE_SIGN_STYLE = Automatic;
				CURRENT_PROJECT_VERSION = 1;
				DEVELOPMENT_TEAM = 74F5A5SVZ5;
				GENERATE_INFOPLIST_FILE = YES;
				IPHONEOS_DEPLOYMENT_TARGET = 17.2;
				MARKETING_VERSION = 1.0;
				PRODUCT_BUNDLE_IDENTIFIER = leticiaecharri.RickAndMortyTests;
				PRODUCT_NAME = "$(TARGET_NAME)";
				SWIFT_EMIT_LOC_STRINGS = NO;
				SWIFT_VERSION = 5.0;
				TARGETED_DEVICE_FAMILY = "1,2";
				TEST_HOST = "$(BUILT_PRODUCTS_DIR)/RickAndMorty.app/$(BUNDLE_EXECUTABLE_FOLDER_PATH)/RickAndMorty";
			};
			name = Debug;
		};
		B8F1C4232BDEC2D700674BDB /* Release */ = {
			isa = XCBuildConfiguration;
			buildSettings = {
				ALWAYS_EMBED_SWIFT_STANDARD_LIBRARIES = YES;
				BUNDLE_LOADER = "$(TEST_HOST)";
				CODE_SIGN_STYLE = Automatic;
				CURRENT_PROJECT_VERSION = 1;
				DEVELOPMENT_TEAM = 74F5A5SVZ5;
				GENERATE_INFOPLIST_FILE = YES;
				IPHONEOS_DEPLOYMENT_TARGET = 17.2;
				MARKETING_VERSION = 1.0;
				PRODUCT_BUNDLE_IDENTIFIER = leticiaecharri.RickAndMortyTests;
				PRODUCT_NAME = "$(TARGET_NAME)";
				SWIFT_EMIT_LOC_STRINGS = NO;
				SWIFT_VERSION = 5.0;
				TARGETED_DEVICE_FAMILY = "1,2";
				TEST_HOST = "$(BUILT_PRODUCTS_DIR)/RickAndMorty.app/$(BUNDLE_EXECUTABLE_FOLDER_PATH)/RickAndMorty";
			};
			name = Release;
		};
		B8F1C4252BDEC2D700674BDB /* Debug */ = {
			isa = XCBuildConfiguration;
			buildSettings = {
				ALWAYS_EMBED_SWIFT_STANDARD_LIBRARIES = YES;
				CODE_SIGN_STYLE = Automatic;
				CURRENT_PROJECT_VERSION = 1;
				DEVELOPMENT_TEAM = 74F5A5SVZ5;
				GENERATE_INFOPLIST_FILE = YES;
				MARKETING_VERSION = 1.0;
				PRODUCT_BUNDLE_IDENTIFIER = leticiaecharri.RickAndMortyUITests;
				PRODUCT_NAME = "$(TARGET_NAME)";
				SWIFT_EMIT_LOC_STRINGS = NO;
				SWIFT_VERSION = 5.0;
				TARGETED_DEVICE_FAMILY = "1,2";
				TEST_TARGET_NAME = RickAndMorty;
			};
			name = Debug;
		};
		B8F1C4262BDEC2D700674BDB /* Release */ = {
			isa = XCBuildConfiguration;
			buildSettings = {
				ALWAYS_EMBED_SWIFT_STANDARD_LIBRARIES = YES;
				CODE_SIGN_STYLE = Automatic;
				CURRENT_PROJECT_VERSION = 1;
				DEVELOPMENT_TEAM = 74F5A5SVZ5;
				GENERATE_INFOPLIST_FILE = YES;
				MARKETING_VERSION = 1.0;
				PRODUCT_BUNDLE_IDENTIFIER = leticiaecharri.RickAndMortyUITests;
				PRODUCT_NAME = "$(TARGET_NAME)";
				SWIFT_EMIT_LOC_STRINGS = NO;
				SWIFT_VERSION = 5.0;
				TARGETED_DEVICE_FAMILY = "1,2";
				TEST_TARGET_NAME = RickAndMorty;
			};
			name = Release;
		};
/* End XCBuildConfiguration section */

/* Begin XCConfigurationList section */
		B8F1C3EF2BDEC2D300674BDB /* Build configuration list for PBXProject "RickAndMorty" */ = {
			isa = XCConfigurationList;
			buildConfigurations = (
				B8F1C41C2BDEC2D700674BDB /* Debug */,
				B8F1C41D2BDEC2D700674BDB /* Release */,
			);
			defaultConfigurationIsVisible = 0;
			defaultConfigurationName = Release;
		};
		B8F1C41E2BDEC2D700674BDB /* Build configuration list for PBXNativeTarget "RickAndMorty" */ = {
			isa = XCConfigurationList;
			buildConfigurations = (
				B8F1C41F2BDEC2D700674BDB /* Debug */,
				B8F1C4202BDEC2D700674BDB /* Release */,
			);
			defaultConfigurationIsVisible = 0;
			defaultConfigurationName = Release;
		};
		B8F1C4212BDEC2D700674BDB /* Build configuration list for PBXNativeTarget "RickAndMortyTests" */ = {
			isa = XCConfigurationList;
			buildConfigurations = (
				B8F1C4222BDEC2D700674BDB /* Debug */,
				B8F1C4232BDEC2D700674BDB /* Release */,
			);
			defaultConfigurationIsVisible = 0;
			defaultConfigurationName = Release;
		};
		B8F1C4242BDEC2D700674BDB /* Build configuration list for PBXNativeTarget "RickAndMortyUITests" */ = {
			isa = XCConfigurationList;
			buildConfigurations = (
				B8F1C4252BDEC2D700674BDB /* Debug */,
				B8F1C4262BDEC2D700674BDB /* Release */,
			);
			defaultConfigurationIsVisible = 0;
			defaultConfigurationName = Release;
		};
/* End XCConfigurationList section */

/* Begin XCRemoteSwiftPackageReference section */
		B8F1C4282BDEC70600674BDB /* XCRemoteSwiftPackageReference "Rick-and-Morty-Swift-API" */ = {
			isa = XCRemoteSwiftPackageReference;
			repositoryURL = "https://github.com/benjaminbruch/Rick-and-Morty-Swift-API.git";
			requirement = {
				branch = main;
				kind = branch;
			};
		};
/* End XCRemoteSwiftPackageReference section */

/* Begin XCSwiftPackageProductDependency section */
		B8F1C4292BDEC70700674BDB /* RickMortySwiftApi */ = {
			isa = XCSwiftPackageProductDependency;
			package = B8F1C4282BDEC70600674BDB /* XCRemoteSwiftPackageReference "Rick-and-Morty-Swift-API" */;
			productName = RickMortySwiftApi;
		};
/* End XCSwiftPackageProductDependency section */
	};
	rootObject = B8F1C3EC2BDEC2D300674BDB /* Project object */;
}
